
Microsoft Visual Studio Solution File, Format Version 12.00
# Visual Studio Version 17
VisualStudioVersion = 17.5.33424.131
MinimumVisualStudioVersion = 10.0.40219.1
Project("{888888A0-9F3D-457C-B088-3A5042F75D52}") = "Day 8", "Day 8\Day 8.pyproj", "{F4686DD3-D5FC-4822-BB2B-6B720492A3FB}"
EndProject
Global
	GlobalSection(SolutionConfigurationPlatforms) = preSolution
		Debug|Any CPU = Debug|Any CPU
		Release|Any CPU = Release|Any CPU
	EndGlobalSection
	GlobalSection(ProjectConfigurationPlatforms) = postSolution
		{F4686DD3-D5FC-4822-BB2B-6B720492A3FB}.Debug|Any CPU.ActiveCfg = Debug|Any CPU
		{F4686DD3-D5FC-4822-BB2B-6B720492A3FB}.Release|Any CPU.ActiveCfg = Release|Any CPU
	EndGlobalSection
	GlobalSection(SolutionProperties) = preSolution
		HideSolutionNode = FALSE
	EndGlobalSection
	GlobalSection(ExtensibilityGlobals) = postSolution
		SolutionGuid = {B94215D0-0894-4F40-98C0-852B7F414756}
	EndGlobalSection
EndGlobal
